# This file was autogenerated by Stack.
# You should not edit this file by hand.
# For more information, please see the documentation at:
#   https://docs.haskellstack.org/en/stable/lock_files

packages:
- completed:
    hackage: api-tools-0.10.1.0@sha256:fa738087b2d44e035250934500877a17517cc02b41808dbd2627c1b61c7a88d8,5715
    pantry-tree:
      sha256: 6fef19dac3ea387195531fe91e8c69bd5e12add1fc673ef64cfb308f2df71e87
      size: 3637
  original:
    hackage: api-tools-0.10.1.0
- completed:
    hackage: pbkdf-1.1.1.1@sha256:8d464cca917d723c65fe1a9f03e3b441e3f1bdbe4b72bf0f4e24a1e80ccfa326,2070
    pantry-tree:
      sha256: 6247df8d7f7d197b591e7103d8118b2e59e368eda2f8bc2e3b32992a57ec8b01
      size: 521
  original:
    hackage: pbkdf-1.1.1.1
- completed:
    hackage: crypton-0.33@sha256:5e92f29b9b7104d91fcdda1dec9400c9ad1f1791c231cc41ceebd783fb517dee,18202
    pantry-tree:
      sha256: 38809499d7f9775ef45cd29ab5c3dc9b283a813f34c1cdc56681b24f8cf8bb4f
      size: 23148
  original:
    hackage: crypton-0.33
snapshots:
- completed:
    sha256: 5a59b2a405b3aba3c00188453be172b85893cab8ebc352b1ef58b0eae5d248a2
    size: 650475
    url: https://raw.githubusercontent.com/commercialhaskell/stackage-snapshots/master/lts/20/26.yaml
  original: lts-20.26
