# This file was autogenerated by Stack.
# You should not edit this file by hand.
# For more information, please see the documentation at:
#   https://docs.haskellstack.org/en/stable/lock_files

packages:
- completed:
    hackage: pbkdf-1.1.1.0@sha256:fd062cb66f761cb9341359fbc8cd0083806d4a14b066aca7711c1169fdef0333,2070
    pantry-tree:
      size: 432
      sha256: a38907e07444685bbe8d941d6a589950a7c5fc29bbb849dad88ef45d0f82c2a5
  original:
    hackage: pbkdf-1.1.1.0
snapshots:
- completed:
    size: 556553
    url: https://raw.githubusercontent.com/commercialhaskell/stackage-snapshots/master/nightly/2020/12/7.yaml
    sha256: f52a57e6396150023b94005171a81c298457ac8785da76591c02f50ebdfd0b7c
  original: nightly-2020-12-07
