# This file was autogenerated by Stack.
# You should not edit this file by hand.
# For more information, please see the documentation at:
#   https://docs.haskellstack.org/en/stable/lock_files

packages:
- completed:
    hackage: api-tools-0.9.0.0@sha256:47d7628f2a569760feea757c4849f8ee8d8e8e21f16680f5183b871d00bb86f2,5610
    pantry-tree:
      size: 3511
      sha256: a413402a2d82cac9eaedba5a50d989f7df75f8ec613c8c70ccecf84707537704
  original:
    hackage: api-tools-0.9.0.0
- completed:
    hackage: pbkdf-1.1.1.1@sha256:8d464cca917d723c65fe1a9f03e3b441e3f1bdbe4b72bf0f4e24a1e80ccfa326,2070
    pantry-tree:
      size: 521
      sha256: 6247df8d7f7d197b591e7103d8118b2e59e368eda2f8bc2e3b32992a57ec8b01
  original:
    hackage: pbkdf-1.1.1.1
snapshots:
- completed:
    size: 590100
    url: https://raw.githubusercontent.com/commercialhaskell/stackage-snapshots/master/lts/18/28.yaml
    sha256: 428ec8d5ce932190d3cbe266b9eb3c175cd81e984babf876b64019e2cbe4ea68
  original: lts-18.28
